
Microsoft Visual Studio Solution File, Format Version 12.00
# Visual Studio 15
VisualStudioVersion = 15.0.26430.6
MinimumVisualStudioVersion = 10.0.40219.1
Project("{2150E333-8FDC-42A3-9474-1A3956D46DE8}") = "Solution Items", "Solution Items", "{8FFBEE38-D80A-43B3-AD98-027099491520}"
	ProjectSection(SolutionItems) = preProject
		Sorter.cs = Sorter.cs
	EndProjectSection
EndProject
Project("{FAE04EC0-301F-11D3-BF4B-00C04F79EFBC}") = "BubbleSorter", "BubbleSorter\BubbleSorter.csproj", "{FA84F719-5E66-4101-A03D-02A1548252C4}"
EndProject
Project("{FAE04EC0-301F-11D3-BF4B-00C04F79EFBC}") = "WindowsFormsApp1", "WindowsFormsApp1\WindowsFormsApp1.csproj", "{295DD9A8-D4DE-41C3-9967-55E82ED6184E}"
EndProject
Global
	GlobalSection(SolutionConfigurationPlatforms) = preSolution
		Debug|Any CPU = Debug|Any CPU
		Release|Any CPU = Release|Any CPU
	EndGlobalSection
	GlobalSection(ProjectConfigurationPlatforms) = postSolution
		{FA84F719-5E66-4101-A03D-02A1548252C4}.Debug|Any CPU.ActiveCfg = Debug|Any CPU
		{FA84F719-5E66-4101-A03D-02A1548252C4}.Debug|Any CPU.Build.0 = Debug|Any CPU
		{FA84F719-5E66-4101-A03D-02A1548252C4}.Release|Any CPU.ActiveCfg = Release|Any CPU
		{FA84F719-5E66-4101-A03D-02A1548252C4}.Release|Any CPU.Build.0 = Release|Any CPU
		{295DD9A8-D4DE-41C3-9967-55E82ED6184E}.Debug|Any CPU.ActiveCfg = Debug|Any CPU
		{295DD9A8-D4DE-41C3-9967-55E82ED6184E}.Debug|Any CPU.Build.0 = Debug|Any CPU
		{295DD9A8-D4DE-41C3-9967-55E82ED6184E}.Release|Any CPU.ActiveCfg = Release|Any CPU
		{295DD9A8-D4DE-41C3-9967-55E82ED6184E}.Release|Any CPU.Build.0 = Release|Any CPU
	EndGlobalSection
	GlobalSection(SolutionProperties) = preSolution
		HideSolutionNode = FALSE
	EndGlobalSection
EndGlobal
